
Microsoft Visual Studio Solution File, Format Version 12.00
# Visual Studio Version 17
VisualStudioVersion = 17.7.34221.43
MinimumVisualStudioVersion = 10.0.40219.1
Project("{FAE04EC0-301F-11D3-BF4B-00C04F79EFBC}") = "advance-csharp", "advance-csharp.csproj", "{EF29C647-CADD-42AE-BF12-0F30224B51D0}"
EndProject
Project("{FAE04EC0-301F-11D3-BF4B-00C04F79EFBC}") = "advance-csharp-database", "..\advance-csharp-database\advance-csharp-database.csproj", "{E4B00EE0-4688-414E-9C39-8F20EAFD4A31}"
EndProject
Project("{FAE04EC0-301F-11D3-BF4B-00C04F79EFBC}") = "advance-csharp.service", "..\advance-csharp.service\advance-csharp.service.csproj", "{7014CF5B-6253-47FD-9DB2-E0A0D7787FAF}"
EndProject
Project("{FAE04EC0-301F-11D3-BF4B-00C04F79EFBC}") = "advance-cshrap.test", "..\advance-cshrap.test\advance-cshrap.test.csproj", "{461B0828-855F-45EE-9994-A53227AFEE70}"
EndProject
Project("{FAE04EC0-301F-11D3-BF4B-00C04F79EFBC}") = "advance-csharp.dto", "..\advance-csharp.dto\advance-csharp.dto.csproj", "{5A808AA8-3113-48F1-A891-DF4C499904C5}"
EndProject
Project("{2150E333-8FDC-42A3-9474-1A3956D46DE8}") = "Solution Items", "Solution Items", "{4549A2AA-3157-40ED-921C-865CB5C81791}"
EndProject
Global
	GlobalSection(SolutionConfigurationPlatforms) = preSolution
		Debug|Any CPU = Debug|Any CPU
		Release|Any CPU = Release|Any CPU
	EndGlobalSection
	GlobalSection(ProjectConfigurationPlatforms) = postSolution
		{EF29C647-CADD-42AE-BF12-0F30224B51D0}.Debug|Any CPU.ActiveCfg = Debug|Any CPU
		{EF29C647-CADD-42AE-BF12-0F30224B51D0}.Debug|Any CPU.Build.0 = Debug|Any CPU
		{EF29C647-CADD-42AE-BF12-0F30224B51D0}.Release|Any CPU.ActiveCfg = Release|Any CPU
		{EF29C647-CADD-42AE-BF12-0F30224B51D0}.Release|Any CPU.Build.0 = Release|Any CPU
		{E4B00EE0-4688-414E-9C39-8F20EAFD4A31}.Debug|Any CPU.ActiveCfg = Debug|Any CPU
		{E4B00EE0-4688-414E-9C39-8F20EAFD4A31}.Debug|Any CPU.Build.0 = Debug|Any CPU
		{E4B00EE0-4688-414E-9C39-8F20EAFD4A31}.Release|Any CPU.ActiveCfg = Release|Any CPU
		{E4B00EE0-4688-414E-9C39-8F20EAFD4A31}.Release|Any CPU.Build.0 = Release|Any CPU
		{7014CF5B-6253-47FD-9DB2-E0A0D7787FAF}.Debug|Any CPU.ActiveCfg = Debug|Any CPU
		{7014CF5B-6253-47FD-9DB2-E0A0D7787FAF}.Debug|Any CPU.Build.0 = Debug|Any CPU
		{7014CF5B-6253-47FD-9DB2-E0A0D7787FAF}.Release|Any CPU.ActiveCfg = Release|Any CPU
		{7014CF5B-6253-47FD-9DB2-E0A0D7787FAF}.Release|Any CPU.Build.0 = Release|Any CPU
		{461B0828-855F-45EE-9994-A53227AFEE70}.Debug|Any CPU.ActiveCfg = Debug|Any CPU
		{461B0828-855F-45EE-9994-A53227AFEE70}.Debug|Any CPU.Build.0 = Debug|Any CPU
		{461B0828-855F-45EE-9994-A53227AFEE70}.Release|Any CPU.ActiveCfg = Release|Any CPU
		{461B0828-855F-45EE-9994-A53227AFEE70}.Release|Any CPU.Build.0 = Release|Any CPU
		{5A808AA8-3113-48F1-A891-DF4C499904C5}.Debug|Any CPU.ActiveCfg = Debug|Any CPU
		{5A808AA8-3113-48F1-A891-DF4C499904C5}.Debug|Any CPU.Build.0 = Debug|Any CPU
		{5A808AA8-3113-48F1-A891-DF4C499904C5}.Release|Any CPU.ActiveCfg = Release|Any CPU
		{5A808AA8-3113-48F1-A891-DF4C499904C5}.Release|Any CPU.Build.0 = Release|Any CPU
	EndGlobalSection
	GlobalSection(SolutionProperties) = preSolution
		HideSolutionNode = FALSE
	EndGlobalSection
	GlobalSection(ExtensibilityGlobals) = postSolution
		SolutionGuid = {0D9E39B8-4245-4DBF-BE72-CC66FB19A87E}
	EndGlobalSection
EndGlobal
